# This file is automatically @generated by Cargo.
# It is not intended for manual editing.
version = 3

[[package]]
name = "afire"
version = "1.2.0"
source = "registry+https://github.com/rust-lang/crates.io-index"
checksum = "cfdb20fd3841c59112a3efc8c2ac9486baca9bda00c29b494c36ae861d6bf8de"

[[package]]
name = "coding_hat"
version = "0.1.0"
dependencies = [
 "afire",
]
